
Microsoft Visual Studio Solution File, Format Version 12.00
# Visual Studio Version 17
VisualStudioVersion = 17.4.33205.214
MinimumVisualStudioVersion = 10.0.40219.1
Project("{FAE04EC0-301F-11D3-BF4B-00C04F79EFBC}") = "SextoProjeto", "SextoProjeto\SextoProjeto.csproj", "{623D6BF0-2228-476B-A2E0-B9E73CC1589F}"
EndProject
Global
	GlobalSection(SolutionConfigurationPlatforms) = preSolution
		Debug|Any CPU = Debug|Any CPU
		Release|Any CPU = Release|Any CPU
	EndGlobalSection
	GlobalSection(ProjectConfigurationPlatforms) = postSolution
		{623D6BF0-2228-476B-A2E0-B9E73CC1589F}.Debug|Any CPU.ActiveCfg = Debug|Any CPU
		{623D6BF0-2228-476B-A2E0-B9E73CC1589F}.Debug|Any CPU.Build.0 = Debug|Any CPU
		{623D6BF0-2228-476B-A2E0-B9E73CC1589F}.Release|Any CPU.ActiveCfg = Release|Any CPU
		{623D6BF0-2228-476B-A2E0-B9E73CC1589F}.Release|Any CPU.Build.0 = Release|Any CPU
	EndGlobalSection
	GlobalSection(SolutionProperties) = preSolution
		HideSolutionNode = FALSE
	EndGlobalSection
	GlobalSection(ExtensibilityGlobals) = postSolution
		SolutionGuid = {DBA03B4F-5CA9-4DC8-B4FB-91D80B3BD7D2}
	EndGlobalSection
EndGlobal
