
Microsoft Visual Studio Solution File, Format Version 12.00
# Visual Studio Version 17
VisualStudioVersion = 17.13.35919.96 d17.13
MinimumVisualStudioVersion = 10.0.40219.1
Project("{FAE04EC0-301F-11D3-BF4B-00C04F79EFBC}") = "13-Heranca", "13-Heranca\13-Heranca.csproj", "{8608E7EB-DA62-4674-82C5-6FF1A6803BEE}"
EndProject
Global
	GlobalSection(SolutionConfigurationPlatforms) = preSolution
		Debug|Any CPU = Debug|Any CPU
		Release|Any CPU = Release|Any CPU
	EndGlobalSection
	GlobalSection(ProjectConfigurationPlatforms) = postSolution
		{8608E7EB-DA62-4674-82C5-6FF1A6803BEE}.Debug|Any CPU.ActiveCfg = Debug|Any CPU
		{8608E7EB-DA62-4674-82C5-6FF1A6803BEE}.Debug|Any CPU.Build.0 = Debug|Any CPU
		{8608E7EB-DA62-4674-82C5-6FF1A6803BEE}.Release|Any CPU.ActiveCfg = Release|Any CPU
		{8608E7EB-DA62-4674-82C5-6FF1A6803BEE}.Release|Any CPU.Build.0 = Release|Any CPU
	EndGlobalSection
	GlobalSection(SolutionProperties) = preSolution
		HideSolutionNode = FALSE
	EndGlobalSection
	GlobalSection(ExtensibilityGlobals) = postSolution
		SolutionGuid = {63210EA5-448D-44D4-BE1C-EFCC9228BB86}
	EndGlobalSection
EndGlobal
