
Microsoft Visual Studio Solution File, Format Version 12.00
# Visual Studio Version 17
VisualStudioVersion = 17.13.35931.197 d17.13
MinimumVisualStudioVersion = 10.0.40219.1
Project("{FAE04EC0-301F-11D3-BF4B-00C04F79EFBC}") = "14-Extray", "14-Extray\14-Extray.csproj", "{5D901A07-D3B2-4522-BB0D-6148C16FBB86}"
EndProject
Global
	GlobalSection(SolutionConfigurationPlatforms) = preSolution
		Debug|Any CPU = Debug|Any CPU
		Release|Any CPU = Release|Any CPU
	EndGlobalSection
	GlobalSection(ProjectConfigurationPlatforms) = postSolution
		{5D901A07-D3B2-4522-BB0D-6148C16FBB86}.Debug|Any CPU.ActiveCfg = Debug|Any CPU
		{5D901A07-D3B2-4522-BB0D-6148C16FBB86}.Debug|Any CPU.Build.0 = Debug|Any CPU
		{5D901A07-D3B2-4522-BB0D-6148C16FBB86}.Release|Any CPU.ActiveCfg = Release|Any CPU
		{5D901A07-D3B2-4522-BB0D-6148C16FBB86}.Release|Any CPU.Build.0 = Release|Any CPU
	EndGlobalSection
	GlobalSection(SolutionProperties) = preSolution
		HideSolutionNode = FALSE
	EndGlobalSection
	GlobalSection(ExtensibilityGlobals) = postSolution
		SolutionGuid = {494D4241-3FE2-482B-BE19-7B652EDD935A}
	EndGlobalSection
EndGlobal
