
Microsoft Visual Studio Solution File, Format Version 12.00
# Visual Studio Version 17
VisualStudioVersion = 17.13.35931.197
MinimumVisualStudioVersion = 10.0.40219.1
Project("{FAE04EC0-301F-11D3-BF4B-00C04F79EFBC}") = "DotNet", "DotNet\DotNet.csproj", "{2A4FEDA9-0221-4B14-8330-36910FBE7335}"
EndProject
Global
	GlobalSection(SolutionConfigurationPlatforms) = preSolution
		Debug|Any CPU = Debug|Any CPU
		Release|Any CPU = Release|Any CPU
	EndGlobalSection
	GlobalSection(ProjectConfigurationPlatforms) = postSolution
		{2A4FEDA9-0221-4B14-8330-36910FBE7335}.Debug|Any CPU.ActiveCfg = Debug|Any CPU
		{2A4FEDA9-0221-4B14-8330-36910FBE7335}.Debug|Any CPU.Build.0 = Debug|Any CPU
		{2A4FEDA9-0221-4B14-8330-36910FBE7335}.Release|Any CPU.ActiveCfg = Release|Any CPU
		{2A4FEDA9-0221-4B14-8330-36910FBE7335}.Release|Any CPU.Build.0 = Release|Any CPU
	EndGlobalSection
	GlobalSection(SolutionProperties) = preSolution
		HideSolutionNode = FALSE
	EndGlobalSection
	GlobalSection(ExtensibilityGlobals) = postSolution
		SolutionGuid = {D24E649D-0C45-41FB-B30D-48F821E38D2D}
	EndGlobalSection
EndGlobal
