
Microsoft Visual Studio Solution File, Format Version 12.00
# Visual Studio Version 17
VisualStudioVersion = 17.13.35931.197 d17.13
MinimumVisualStudioVersion = 10.0.40219.1
Project("{FAE04EC0-301F-11D3-BF4B-00C04F79EFBC}") = "entity", "entity\entity.csproj", "{C6B0A63D-47BE-4BC0-BFCC-00D5B0826869}"
EndProject
Global
	GlobalSection(SolutionConfigurationPlatforms) = preSolution
		Debug|Any CPU = Debug|Any CPU
		Release|Any CPU = Release|Any CPU
	EndGlobalSection
	GlobalSection(ProjectConfigurationPlatforms) = postSolution
		{C6B0A63D-47BE-4BC0-BFCC-00D5B0826869}.Debug|Any CPU.ActiveCfg = Debug|Any CPU
		{C6B0A63D-47BE-4BC0-BFCC-00D5B0826869}.Debug|Any CPU.Build.0 = Debug|Any CPU
		{C6B0A63D-47BE-4BC0-BFCC-00D5B0826869}.Release|Any CPU.ActiveCfg = Release|Any CPU
		{C6B0A63D-47BE-4BC0-BFCC-00D5B0826869}.Release|Any CPU.Build.0 = Release|Any CPU
	EndGlobalSection
	GlobalSection(SolutionProperties) = preSolution
		HideSolutionNode = FALSE
	EndGlobalSection
	GlobalSection(ExtensibilityGlobals) = postSolution
		SolutionGuid = {BAF21602-D625-41A0-B798-229D8C2F98F3}
	EndGlobalSection
EndGlobal
