
Microsoft Visual Studio Solution File, Format Version 12.00
# Visual Studio Version 17
VisualStudioVersion = 17.4.33205.214
MinimumVisualStudioVersion = 10.0.40219.1
Project("{FAE04EC0-301F-11D3-BF4B-00C04F79EFBC}") = "PrimeiroProjeto", "PrimeiroProjeto\PrimeiroProjeto.csproj", "{1E241F07-DF75-4AB3-BB05-B7BB3831AF9E}"
EndProject
Global
	GlobalSection(SolutionConfigurationPlatforms) = preSolution
		Debug|Any CPU = Debug|Any CPU
		Release|Any CPU = Release|Any CPU
	EndGlobalSection
	GlobalSection(ProjectConfigurationPlatforms) = postSolution
		{1E241F07-DF75-4AB3-BB05-B7BB3831AF9E}.Debug|Any CPU.ActiveCfg = Debug|Any CPU
		{1E241F07-DF75-4AB3-BB05-B7BB3831AF9E}.Debug|Any CPU.Build.0 = Debug|Any CPU
		{1E241F07-DF75-4AB3-BB05-B7BB3831AF9E}.Release|Any CPU.ActiveCfg = Release|Any CPU
		{1E241F07-DF75-4AB3-BB05-B7BB3831AF9E}.Release|Any CPU.Build.0 = Release|Any CPU
	EndGlobalSection
	GlobalSection(SolutionProperties) = preSolution
		HideSolutionNode = FALSE
	EndGlobalSection
	GlobalSection(ExtensibilityGlobals) = postSolution
		SolutionGuid = {84943371-EA5F-4567-B8CF-A8B0141A68F1}
	EndGlobalSection
EndGlobal
